// !$*UTF8*$!
{
	archiveVersion = 1;
	classes = {
	};
	objectVersion = 51;
	objects = {

/* Begin PBXBuildFile section */
		0E458F8022678928006B09A5 /* NetworkClient.swift in Sources */ = {isa = PBXBuildFile; fileRef = 0E458F7F22678928006B09A5 /* NetworkClient.swift */; };
		0E458F8222678939006B09A5 /* MainFacade.swift in Sources */ = {isa = PBXBuildFile; fileRef = 0E458F8122678939006B09A5 /* MainFacade.swift */; };
		0E6E0C78226775CC00526A36 /* AppDelegate.swift in Sources */ = {isa = PBXBuildFile; fileRef = 0E6E0C77226775CC00526A36 /* AppDelegate.swift */; };
		0E6E0C7A226775CC00526A36 /* ViewController.swift in Sources */ = {isa = PBXBuildFile; fileRef = 0E6E0C79226775CC00526A36 /* ViewController.swift */; };
		0E6E0C7D226775CC00526A36 /* Main.storyboard in Resources */ = {isa = PBXBuildFile; fileRef = 0E6E0C7B226775CC00526A36 /* Main.storyboard */; };
		0E6E0C7F226775CD00526A36 /* Assets.xcassets in Resources */ = {isa = PBXBuildFile; fileRef = 0E6E0C7E226775CD00526A36 /* Assets.xcassets */; };
		0E6E0C82226775CD00526A36 /* LaunchScreen.storyboard in Resources */ = {isa = PBXBuildFile; fileRef = 0E6E0C80226775CD00526A36 /* LaunchScreen.storyboard */; };
		0E6E0C8D226775CE00526A36 /* AlamofireAppTests.swift in Sources */ = {isa = PBXBuildFile; fileRef = 0E6E0C8C226775CE00526A36 /* AlamofireAppTests.swift */; };
		0E6E0C98226775CE00526A36 /* AlamofireAppUITests.swift in Sources */ = {isa = PBXBuildFile; fileRef = 0E6E0C97226775CE00526A36 /* AlamofireAppUITests.swift */; };
		12C49E626C9E62D3089D8ADD /* Pods_AlamofireAppUITests.framework in Frameworks */ = {isa = PBXBuildFile; fileRef = DDDA29CCFEFA01F19A7275C9 /* Pods_AlamofireAppUITests.framework */; };
		220B8A36338488DCCEEDD97D /* Pods_AlamofireApp.framework in Frameworks */ = {isa = PBXBuildFile; fileRef = 66A424AD97E74B5BA750E336 /* Pods_AlamofireApp.framework */; };
		362E30AF6FF2C65B20171DFF /* Pods_AlamofireAppTests.framework in Frameworks */ = {isa = PBXBuildFile; fileRef = 6A5CAEF1F16CD572D61F4F66 /* Pods_AlamofireAppTests.framework */; };
/* End PBXBuildFile section */

/* Begin PBXContainerItemProxy section */
		0E6E0C89226775CD00526A36 /* PBXContainerItemProxy */ = {
			isa = PBXContainerItemProxy;
			containerPortal = 0E6E0C6C226775CB00526A36 /* Project object */;
			proxyType = 1;
			remoteGlobalIDString = 0E6E0C73226775CC00526A36;
			remoteInfo = AlamofireApp;
		};
		0E6E0C94226775CE00526A36 /* PBXContainerItemProxy */ = {
			isa = PBXContainerItemProxy;
			containerPortal = 0E6E0C6C226775CB00526A36 /* Project object */;
			proxyType = 1;
			remoteGlobalIDString = 0E6E0C73226775CC00526A36;
			remoteInfo = AlamofireApp;
		};
/* End PBXContainerItemProxy section */

/* Begin PBXFileReference section */
		0E458F7F22678928006B09A5 /* NetworkClient.swift */ = {isa = PBXFileReference; lastKnownFileType = sourcecode.swift; path = NetworkClient.swift; sourceTree = "<group>"; };
		0E458F8122678939006B09A5 /* MainFacade.swift */ = {isa = PBXFileReference; lastKnownFileType = sourcecode.swift; path = MainFacade.swift; sourceTree = "<group>"; };
		0E6E0C74226775CC00526A36 /* AlamofireApp.app */ = {isa = PBXFileReference; explicitFileType = wrapper.application; includeInIndex = 0; path = AlamofireApp.app; sourceTree = BUILT_PRODUCTS_DIR; };
		0E6E0C77226775CC00526A36 /* AppDelegate.swift */ = {isa = PBXFileReference; lastKnownFileType = sourcecode.swift; path = AppDelegate.swift; sourceTree = "<group>"; };
		0E6E0C79226775CC00526A36 /* ViewController.swift */ = {isa = PBXFileReference; lastKnownFileType = sourcecode.swift; path = ViewController.swift; sourceTree = "<group>"; };
		0E6E0C7C226775CC00526A36 /* Base */ = {isa = PBXFileReference; lastKnownFileType = file.storyboard; name = Base; path = Base.lproj/Main.storyboard; sourceTree = "<group>"; };
		0E6E0C7E226775CD00526A36 /* Assets.xcassets */ = {isa = PBXFileReference; lastKnownFileType = folder.assetcatalog; path = Assets.xcassets; sourceTree = "<group>"; };
		0E6E0C81226775CD00526A36 /* Base */ = {isa = PBXFileReference; lastKnownFileType = file.storyboard; name = Base; path = Base.lproj/LaunchScreen.storyboard; sourceTree = "<group>"; };
		0E6E0C83226775CD00526A36 /* Info.plist */ = {isa = PBXFileReference; lastKnownFileType = text.plist.xml; path = Info.plist; sourceTree = "<group>"; };
		0E6E0C88226775CD00526A36 /* AlamofireAppTests.xctest */ = {isa = PBXFileReference; explicitFileType = wrapper.cfbundle; includeInIndex = 0; path = AlamofireAppTests.xctest; sourceTree = BUILT_PRODUCTS_DIR; };
		0E6E0C8C226775CE00526A36 /* AlamofireAppTests.swift */ = {isa = PBXFileReference; lastKnownFileType = sourcecode.swift; path = AlamofireAppTests.swift; sourceTree = "<group>"; };
		0E6E0C8E226775CE00526A36 /* Info.plist */ = {isa = PBXFileReference; lastKnownFileType = text.plist.xml; path = Info.plist; sourceTree = "<group>"; };
		0E6E0C93226775CE00526A36 /* AlamofireAppUITests.xctest */ = {isa = PBXFileReference; explicitFileType = wrapper.cfbundle; includeInIndex = 0; path = AlamofireAppUITests.xctest; sourceTree = BUILT_PRODUCTS_DIR; };
		0E6E0C97226775CE00526A36 /* AlamofireAppUITests.swift */ = {isa = PBXFileReference; lastKnownFileType = sourcecode.swift; path = AlamofireAppUITests.swift; sourceTree = "<group>"; };
		0E6E0C99226775CE00526A36 /* Info.plist */ = {isa = PBXFileReference; lastKnownFileType = text.plist.xml; path = Info.plist; sourceTree = "<group>"; };
		207BECCADAE9BB1879BFDDB1 /* Pods-AlamofireAppTests.debug.xcconfig */ = {isa = PBXFileReference; includeInIndex = 1; lastKnownFileType = text.xcconfig; name = "Pods-AlamofireAppTests.debug.xcconfig"; path = "Target Support Files/Pods-AlamofireAppTests/Pods-AlamofireAppTests.debug.xcconfig"; sourceTree = "<group>"; };
		2CD878B2125B9ABC0DB8D52A /* Pods-AlamofireAppTests.release.xcconfig */ = {isa = PBXFileReference; includeInIndex = 1; lastKnownFileType = text.xcconfig; name = "Pods-AlamofireAppTests.release.xcconfig"; path = "Target Support Files/Pods-AlamofireAppTests/Pods-AlamofireAppTests.release.xcconfig"; sourceTree = "<group>"; };
		66A424AD97E74B5BA750E336 /* Pods_AlamofireApp.framework */ = {isa = PBXFileReference; explicitFileType = wrapper.framework; includeInIndex = 0; path = Pods_AlamofireApp.framework; sourceTree = BUILT_PRODUCTS_DIR; };
		6A5CAEF1F16CD572D61F4F66 /* Pods_AlamofireAppTests.framework */ = {isa = PBXFileReference; explicitFileType = wrapper.framework; includeInIndex = 0; path = Pods_AlamofireAppTests.framework; sourceTree = BUILT_PRODUCTS_DIR; };
		725EF0FFDEEB8E17A4434635 /* Pods-AlamofireApp.release.xcconfig */ = {isa = PBXFileReference; includeInIndex = 1; lastKnownFileType = text.xcconfig; name = "Pods-AlamofireApp.release.xcconfig"; path = "Target Support Files/Pods-AlamofireApp/Pods-AlamofireApp.release.xcconfig"; sourceTree = "<group>"; };
		8B8F56B4C88FE1A732D84ED7 /* Pods-AlamofireAppUITests.debug.xcconfig */ = {isa = PBXFileReference; includeInIndex = 1; lastKnownFileType = text.xcconfig; name = "Pods-AlamofireAppUITests.debug.xcconfig"; path = "Target Support Files/Pods-AlamofireAppUITests/Pods-AlamofireAppUITests.debug.xcconfig"; sourceTree = "<group>"; };
		99C6F48C6489A0636A1BB2D6 /* Pods-AlamofireApp.debug.xcconfig */ = {isa = PBXFileReference; includeInIndex = 1; lastKnownFileType = text.xcconfig; name = "Pods-AlamofireApp.debug.xcconfig"; path = "Target Support Files/Pods-AlamofireApp/Pods-AlamofireApp.debug.xcconfig"; sourceTree = "<group>"; };
		AEC38EE4729C513351155675 /* Pods-AlamofireAppUITests.release.xcconfig */ = {isa = PBXFileReference; includeInIndex = 1; lastKnownFileType = text.xcconfig; name = "Pods-AlamofireAppUITests.release.xcconfig"; path = "Target Support Files/Pods-AlamofireAppUITests/Pods-AlamofireAppUITests.release.xcconfig"; sourceTree = "<group>"; };
		DDDA29CCFEFA01F19A7275C9 /* Pods_AlamofireAppUITests.framework */ = {isa = PBXFileReference; explicitFileType = wrapper.framework; includeInIndex = 0; path = Pods_AlamofireAppUITests.framework; sourceTree = BUILT_PRODUCTS_DIR; };
/* End PBXFileReference section */

/* Begin PBXFrameworksBuildPhase section */
		0E6E0C71226775CC00526A36 /* Frameworks */ = {
			isa = PBXFrameworksBuildPhase;
			buildActionMask = 2147483647;
			files = (
				220B8A36338488DCCEEDD97D /* Pods_AlamofireApp.framework in Frameworks */,
			);
			runOnlyForDeploymentPostprocessing = 0;
		};
		0E6E0C85226775CD00526A36 /* Frameworks */ = {
			isa = PBXFrameworksBuildPhase;
			buildActionMask = 2147483647;
			files = (
				362E30AF6FF2C65B20171DFF /* Pods_AlamofireAppTests.framework in Frameworks */,
			);
			runOnlyForDeploymentPostprocessing = 0;
		};
		0E6E0C90226775CE00526A36 /* Frameworks */ = {
			isa = PBXFrameworksBuildPhase;
			buildActionMask = 2147483647;
			files = (
				12C49E626C9E62D3089D8ADD /* Pods_AlamofireAppUITests.framework in Frameworks */,
			);
			runOnlyForDeploymentPostprocessing = 0;
		};
/* End PBXFrameworksBuildPhase section */

/* Begin PBXGroup section */
		0E6E0C6B226775CB00526A36 = {
			isa = PBXGroup;
			children = (
				0E6E0C76226775CC00526A36 /* AlamofireApp */,
				0E6E0C8B226775CE00526A36 /* AlamofireAppTests */,
				0E6E0C96226775CE00526A36 /* AlamofireAppUITests */,
				0E6E0C75226775CC00526A36 /* Products */,
				CCBC3D20F1F971D6E9A87C3A /* Pods */,
				21E28E2092FF3AF2BE5B1DFF /* Frameworks */,
			);
			sourceTree = "<group>";
		};
		0E6E0C75226775CC00526A36 /* Products */ = {
			isa = PBXGroup;
			children = (
				0E6E0C74226775CC00526A36 /* AlamofireApp.app */,
				0E6E0C88226775CD00526A36 /* AlamofireAppTests.xctest */,
				0E6E0C93226775CE00526A36 /* AlamofireAppUITests.xctest */,
			);
			name = Products;
			sourceTree = "<group>";
		};
		0E6E0C76226775CC00526A36 /* AlamofireApp */ = {
			isa = PBXGroup;
			children = (
				0E6E0C77226775CC00526A36 /* AppDelegate.swift */,
				0E458F7F22678928006B09A5 /* NetworkClient.swift */,
				0E458F8122678939006B09A5 /* MainFacade.swift */,
				0E6E0C79226775CC00526A36 /* ViewController.swift */,
				0E6E0C7B226775CC00526A36 /* Main.storyboard */,
				0E6E0C7E226775CD00526A36 /* Assets.xcassets */,
				0E6E0C80226775CD00526A36 /* LaunchScreen.storyboard */,
				0E6E0C83226775CD00526A36 /* Info.plist */,
			);
			path = AlamofireApp;
			sourceTree = "<group>";
		};
		0E6E0C8B226775CE00526A36 /* AlamofireAppTests */ = {
			isa = PBXGroup;
			children = (
				0E6E0C8C226775CE00526A36 /* AlamofireAppTests.swift */,
				0E6E0C8E226775CE00526A36 /* Info.plist */,
			);
			path = AlamofireAppTests;
			sourceTree = "<group>";
		};
		0E6E0C96226775CE00526A36 /* AlamofireAppUITests */ = {
			isa = PBXGroup;
			children = (
				0E6E0C97226775CE00526A36 /* AlamofireAppUITests.swift */,
				0E6E0C99226775CE00526A36 /* Info.plist */,
			);
			path = AlamofireAppUITests;
			sourceTree = "<group>";
		};
		21E28E2092FF3AF2BE5B1DFF /* Frameworks */ = {
			isa = PBXGroup;
			children = (
				66A424AD97E74B5BA750E336 /* Pods_AlamofireApp.framework */,
				6A5CAEF1F16CD572D61F4F66 /* Pods_AlamofireAppTests.framework */,
				DDDA29CCFEFA01F19A7275C9 /* Pods_AlamofireAppUITests.framework */,
			);
			name = Frameworks;
			sourceTree = "<group>";
		};
		CCBC3D20F1F971D6E9A87C3A /* Pods */ = {
			isa = PBXGroup;
			children = (
				99C6F48C6489A0636A1BB2D6 /* Pods-AlamofireApp.debug.xcconfig */,
				725EF0FFDEEB8E17A4434635 /* Pods-AlamofireApp.release.xcconfig */,
				207BECCADAE9BB1879BFDDB1 /* Pods-AlamofireAppTests.debug.xcconfig */,
				2CD878B2125B9ABC0DB8D52A /* Pods-AlamofireAppTests.release.xcconfig */,
				8B8F56B4C88FE1A732D84ED7 /* Pods-AlamofireAppUITests.debug.xcconfig */,
				AEC38EE4729C513351155675 /* Pods-AlamofireAppUITests.release.xcconfig */,
			);
			path = Pods;
			sourceTree = "<group>";
		};
/* End PBXGroup section */

/* Begin PBXNativeTarget section */
		0E6E0C73226775CC00526A36 /* AlamofireApp */ = {
			isa = PBXNativeTarget;
			buildConfigurationList = 0E6E0C9C226775CE00526A36 /* Build configuration list for PBXNativeTarget "AlamofireApp" */;
			buildPhases = (
				160879E43BC32C03306D8994 /* [CP] Check Pods Manifest.lock */,
				0E6E0C70226775CC00526A36 /* Sources */,
				0E6E0C71226775CC00526A36 /* Frameworks */,
				0E6E0C72226775CC00526A36 /* Resources */,
				3853EF10EA37EFD40CA0D9DA /* [CP] Embed Pods Frameworks */,
			);
			buildRules = (
			);
			dependencies = (
			);
			name = AlamofireApp;
			productName = AlamofireApp;
			productReference = 0E6E0C74226775CC00526A36 /* AlamofireApp.app */;
			productType = "com.apple.product-type.application";
		};
		0E6E0C87226775CD00526A36 /* AlamofireAppTests */ = {
			isa = PBXNativeTarget;
			buildConfigurationList = 0E6E0C9F226775CE00526A36 /* Build configuration list for PBXNativeTarget "AlamofireAppTests" */;
			buildPhases = (
				AF675CA47C37B0A1943024FD /* [CP] Check Pods Manifest.lock */,
				0E6E0C84226775CD00526A36 /* Sources */,
				0E6E0C85226775CD00526A36 /* Frameworks */,
				0E6E0C86226775CD00526A36 /* Resources */,
			);
			buildRules = (
			);
			dependencies = (
				0E6E0C8A226775CD00526A36 /* PBXTargetDependency */,
			);
			name = AlamofireAppTests;
			productName = AlamofireAppTests;
			productReference = 0E6E0C88226775CD00526A36 /* AlamofireAppTests.xctest */;
			productType = "com.apple.product-type.bundle.unit-test";
		};
		0E6E0C92226775CE00526A36 /* AlamofireAppUITests */ = {
			isa = PBXNativeTarget;
			buildConfigurationList = 0E6E0CA2226775CE00526A36 /* Build configuration list for PBXNativeTarget "AlamofireAppUITests" */;
			buildPhases = (
				0BAA5E25DE079F67B3021E77 /* [CP] Check Pods Manifest.lock */,
				0E6E0C8F226775CE00526A36 /* Sources */,
				0E6E0C90226775CE00526A36 /* Frameworks */,
				0E6E0C91226775CE00526A36 /* Resources */,
			);
			buildRules = (
			);
			dependencies = (
				0E6E0C95226775CE00526A36 /* PBXTargetDependency */,
			);
			name = AlamofireAppUITests;
			productName = AlamofireAppUITests;
			productReference = 0E6E0C93226775CE00526A36 /* AlamofireAppUITests.xctest */;
			productType = "com.apple.product-type.bundle.ui-testing";
		};
/* End PBXNativeTarget section */

/* Begin PBXProject section */
		0E6E0C6C226775CB00526A36 /* Project object */ = {
			isa = PBXProject;
			attributes = {
				LastSwiftUpdateCheck = 1020;
				LastUpgradeCheck = 1020;
				ORGANIZATIONNAME = "Gianmarco Cotellessa";
				TargetAttributes = {
					0E6E0C73226775CC00526A36 = {
						CreatedOnToolsVersion = 10.2;
					};
					0E6E0C87226775CD00526A36 = {
						CreatedOnToolsVersion = 10.2;
						TestTargetID = 0E6E0C73226775CC00526A36;
					};
					0E6E0C92226775CE00526A36 = {
						CreatedOnToolsVersion = 10.2;
						TestTargetID = 0E6E0C73226775CC00526A36;
					};
				};
			};
			buildConfigurationList = 0E6E0C6F226775CB00526A36 /* Build configuration list for PBXProject "AlamofireApp" */;
			compatibilityVersion = "Xcode 9.3";
			developmentRegion = en;
			hasScannedForEncodings = 0;
			knownRegions = (
				en,
				Base,
			);
			mainGroup = 0E6E0C6B226775CB00526A36;
			productRefGroup = 0E6E0C75226775CC00526A36 /* Products */;
			projectDirPath = "";
			projectRoot = "";
			targets = (
				0E6E0C73226775CC00526A36 /* AlamofireApp */,
				0E6E0C87226775CD00526A36 /* AlamofireAppTests */,
				0E6E0C92226775CE00526A36 /* AlamofireAppUITests */,
			);
		};
/* End PBXProject section */

/* Begin PBXResourcesBuildPhase section */
		0E6E0C72226775CC00526A36 /* Resources */ = {
			isa = PBXResourcesBuildPhase;
			buildActionMask = 2147483647;
			files = (
				0E6E0C82226775CD00526A36 /* LaunchScreen.storyboard in Resources */,
				0E6E0C7F226775CD00526A36 /* Assets.xcassets in Resources */,
				0E6E0C7D226775CC00526A36 /* Main.storyboard in Resources */,
			);
			runOnlyForDeploymentPostprocessing = 0;
		};
		0E6E0C86226775CD00526A36 /* Resources */ = {
			isa = PBXResourcesBuildPhase;
			buildActionMask = 2147483647;
			files = (
			);
			runOnlyForDeploymentPostprocessing = 0;
		};
		0E6E0C91226775CE00526A36 /* Resources */ = {
			isa = PBXResourcesBuildPhase;
			buildActionMask = 2147483647;
			files = (
			);
			runOnlyForDeploymentPostprocessing = 0;
		};
/* End PBXResourcesBuildPhase section */

/* Begin PBXShellScriptBuildPhase section */
		0BAA5E25DE079F67B3021E77 /* [CP] Check Pods Manifest.lock */ = {
			isa = PBXShellScriptBuildPhase;
			buildActionMask = 2147483647;
			files = (
			);
			inputFileListPaths = (
			);
			inputPaths = (
				"${PODS_PODFILE_DIR_PATH}/Podfile.lock",
				"${PODS_ROOT}/Manifest.lock",
			);
			name = "[CP] Check Pods Manifest.lock";
			outputFileListPaths = (
			);
			outputPaths = (
				"$(DERIVED_FILE_DIR)/Pods-AlamofireAppUITests-checkManifestLockResult.txt",
			);
			runOnlyForDeploymentPostprocessing = 0;
			shellPath = /bin/sh;
			shellScript = "diff \"${PODS_PODFILE_DIR_PATH}/Podfile.lock\" \"${PODS_ROOT}/Manifest.lock\" > /dev/null\nif [ $? != 0 ] ; then\n    # print error to STDERR\n    echo \"error: The sandbox is not in sync with the Podfile.lock. Run 'pod install' or update your CocoaPods installation.\" >&2\n    exit 1\nfi\n# This output is used by Xcode 'outputs' to avoid re-running this script phase.\necho \"SUCCESS\" > \"${SCRIPT_OUTPUT_FILE_0}\"\n";
			showEnvVarsInLog = 0;
		};
		160879E43BC32C03306D8994 /* [CP] Check Pods Manifest.lock */ = {
			isa = PBXShellScriptBuildPhase;
			buildActionMask = 2147483647;
			files = (
			);
			inputFileListPaths = (
			);
			inputPaths = (
				"${PODS_PODFILE_DIR_PATH}/Podfile.lock",
				"${PODS_ROOT}/Manifest.lock",
			);
			name = "[CP] Check Pods Manifest.lock";
			outputFileListPaths = (
			);
			outputPaths = (
				"$(DERIVED_FILE_DIR)/Pods-AlamofireApp-checkManifestLockResult.txt",
			);
			runOnlyForDeploymentPostprocessing = 0;
			shellPath = /bin/sh;
			shellScript = "diff \"${PODS_PODFILE_DIR_PATH}/Podfile.lock\" \"${PODS_ROOT}/Manifest.lock\" > /dev/null\nif [ $? != 0 ] ; then\n    # print error to STDERR\n    echo \"error: The sandbox is not in sync with the Podfile.lock. Run 'pod install' or update your CocoaPods installation.\" >&2\n    exit 1\nfi\n# This output is used by Xcode 'outputs' to avoid re-running this script phase.\necho \"SUCCESS\" > \"${SCRIPT_OUTPUT_FILE_0}\"\n";
			showEnvVarsInLog = 0;
		};
		3853EF10EA37EFD40CA0D9DA /* [CP] Embed Pods Frameworks */ = {
			isa = PBXShellScriptBuildPhase;
			buildActionMask = 2147483647;
			files = (
			);
			inputFileListPaths = (
				"${PODS_ROOT}/Target Support Files/Pods-AlamofireApp/Pods-AlamofireApp-frameworks-${CONFIGURATION}-input-files.xcfilelist",
			);
			name = "[CP] Embed Pods Frameworks";
			outputFileListPaths = (
				"${PODS_ROOT}/Target Support Files/Pods-AlamofireApp/Pods-AlamofireApp-frameworks-${CONFIGURATION}-output-files.xcfilelist",
			);
			runOnlyForDeploymentPostprocessing = 0;
			shellPath = /bin/sh;
			shellScript = "\"${PODS_ROOT}/Target Support Files/Pods-AlamofireApp/Pods-AlamofireApp-frameworks.sh\"\n";
			showEnvVarsInLog = 0;
		};
		AF675CA47C37B0A1943024FD /* [CP] Check Pods Manifest.lock */ = {
			isa = PBXShellScriptBuildPhase;
			buildActionMask = 2147483647;
			files = (
			);
			inputFileListPaths = (
			);
			inputPaths = (
				"${PODS_PODFILE_DIR_PATH}/Podfile.lock",
				"${PODS_ROOT}/Manifest.lock",
			);
			name = "[CP] Check Pods Manifest.lock";
			outputFileListPaths = (
			);
			outputPaths = (
				"$(DERIVED_FILE_DIR)/Pods-AlamofireAppTests-checkManifestLockResult.txt",
			);
			runOnlyForDeploymentPostprocessing = 0;
			shellPath = /bin/sh;
			shellScript = "diff \"${PODS_PODFILE_DIR_PATH}/Podfile.lock\" \"${PODS_ROOT}/Manifest.lock\" > /dev/null\nif [ $? != 0 ] ; then\n    # print error to STDERR\n    echo \"error: The sandbox is not in sync with the Podfile.lock. Run 'pod install' or update your CocoaPods installation.\" >&2\n    exit 1\nfi\n# This output is used by Xcode 'outputs' to avoid re-running this script phase.\necho \"SUCCESS\" > \"${SCRIPT_OUTPUT_FILE_0}\"\n";
			showEnvVarsInLog = 0;
		};
/* End PBXShellScriptBuildPhase section */

/* Begin PBXSourcesBuildPhase section */
		0E6E0C70226775CC00526A36 /* Sources */ = {
			isa = PBXSourcesBuildPhase;
			buildActionMask = 2147483647;
			files = (
				0E458F8222678939006B09A5 /* MainFacade.swift in Sources */,
				0E6E0C7A226775CC00526A36 /* ViewController.swift in Sources */,
				0E6E0C78226775CC00526A36 /* AppDelegate.swift in Sources */,
				0E458F8022678928006B09A5 /* NetworkClient.swift in Sources */,
			);
			runOnlyForDeploymentPostprocessing = 0;
		};
		0E6E0C84226775CD00526A36 /* Sources */ = {
			isa = PBXSourcesBuildPhase;
			buildActionMask = 2147483647;
			files = (
				0E6E0C8D226775CE00526A36 /* AlamofireAppTests.swift in Sources */,
			);
			runOnlyForDeploymentPostprocessing = 0;
		};
		0E6E0C8F226775CE00526A36 /* Sources */ = {
			isa = PBXSourcesBuildPhase;
			buildActionMask = 2147483647;
			files = (
				0E6E0C98226775CE00526A36 /* AlamofireAppUITests.swift in Sources */,
			);
			runOnlyForDeploymentPostprocessing = 0;
		};
/* End PBXSourcesBuildPhase section */

/* Begin PBXTargetDependency section */
		0E6E0C8A226775CD00526A36 /* PBXTargetDependency */ = {
			isa = PBXTargetDependency;
			target = 0E6E0C73226775CC00526A36 /* AlamofireApp */;
			targetProxy = 0E6E0C89226775CD00526A36 /* PBXContainerItemProxy */;
		};
		0E6E0C95226775CE00526A36 /* PBXTargetDependency */ = {
			isa = PBXTargetDependency;
			target = 0E6E0C73226775CC00526A36 /* AlamofireApp */;
			targetProxy = 0E6E0C94226775CE00526A36 /* PBXContainerItemProxy */;
		};
/* End PBXTargetDependency section */

/* Begin PBXVariantGroup section */
		0E6E0C7B226775CC00526A36 /* Main.storyboard */ = {
			isa = PBXVariantGroup;
			children = (
				0E6E0C7C226775CC00526A36 /* Base */,
			);
			name = Main.storyboard;
			sourceTree = "<group>";
		};
		0E6E0C80226775CD00526A36 /* LaunchScreen.storyboard */ = {
			isa = PBXVariantGroup;
			children = (
				0E6E0C81226775CD00526A36 /* Base */,
			);
			name = LaunchScreen.storyboard;
			sourceTree = "<group>";
		};
/* End PBXVariantGroup section */

/* Begin XCBuildConfiguration section */
		0E6E0C9A226775CE00526A36 /* Debug */ = {
			isa = XCBuildConfiguration;
			buildSettings = {
				ALWAYS_SEARCH_USER_PATHS = NO;
				CLANG_ANALYZER_NONNULL = YES;
				CLANG_ANALYZER_NUMBER_OBJECT_CONVERSION = YES_AGGRESSIVE;
				CLANG_CXX_LANGUAGE_STANDARD = "gnu++14";
				CLANG_CXX_LIBRARY = "libc++";
				CLANG_ENABLE_MODULES = YES;
				CLANG_ENABLE_OBJC_ARC = YES;
				CLANG_ENABLE_OBJC_WEAK = YES;
				CLANG_WARN_BLOCK_CAPTURE_AUTORELEASING = YES;
				CLANG_WARN_BOOL_CONVERSION = YES;
				CLANG_WARN_COMMA = YES;
				CLANG_WARN_CONSTANT_CONVERSION = YES;
				CLANG_WARN_DEPRECATED_OBJC_IMPLEMENTATIONS = YES;
				CLANG_WARN_DIRECT_OBJC_ISA_USAGE = YES_ERROR;
				CLANG_WARN_DOCUMENTATION_COMMENTS = YES;
				CLANG_WARN_EMPTY_BODY = YES;
				CLANG_WARN_ENUM_CONVERSION = YES;
				CLANG_WARN_INFINITE_RECURSION = YES;
				CLANG_WARN_INT_CONVERSION = YES;
				CLANG_WARN_NON_LITERAL_NULL_CONVERSION = YES;
				CLANG_WARN_OBJC_IMPLICIT_RETAIN_SELF = YES;
				CLANG_WARN_OBJC_LITERAL_CONVERSION = YES;
				CLANG_WARN_OBJC_ROOT_CLASS = YES_ERROR;
				CLANG_WARN_RANGE_LOOP_ANALYSIS = YES;
				CLANG_WARN_STRICT_PROTOTYPES = YES;
				CLANG_WARN_SUSPICIOUS_MOVE = YES;
				CLANG_WARN_UNGUARDED_AVAILABILITY = YES_AGGRESSIVE;
				CLANG_WARN_UNREACHABLE_CODE = YES;
				CLANG_WARN__DUPLICATE_METHOD_MATCH = YES;
				CODE_SIGN_IDENTITY = "iPhone Developer";
				COPY_PHASE_STRIP = NO;
				DEBUG_INFORMATION_FORMAT = dwarf;
				ENABLE_STRICT_OBJC_MSGSEND = YES;
				ENABLE_TESTABILITY = YES;
				GCC_C_LANGUAGE_STANDARD = gnu11;
				GCC_DYNAMIC_NO_PIC = NO;
				GCC_NO_COMMON_BLOCKS = YES;
				GCC_OPTIMIZATION_LEVEL = 0;
				GCC_PREPROCESSOR_DEFINITIONS = (
					"DEBUG=1",
					"$(inherited)",
				);
				GCC_WARN_64_TO_32_BIT_CONVERSION = YES;
				GCC_WARN_ABOUT_RETURN_TYPE = YES_ERROR;
				GCC_WARN_UNDECLARED_SELECTOR = YES;
				GCC_WARN_UNINITIALIZED_AUTOS = YES_AGGRESSIVE;
				GCC_WARN_UNUSED_FUNCTION = YES;
				GCC_WARN_UNUSED_VARIABLE = YES;
				IPHONEOS_DEPLOYMENT_TARGET = 12.2;
				MTL_ENABLE_DEBUG_INFO = INCLUDE_SOURCE;
				MTL_FAST_MATH = YES;
				ONLY_ACTIVE_ARCH = YES;
				SDKROOT = iphoneos;
				SWIFT_ACTIVE_COMPILATION_CONDITIONS = DEBUG;
				SWIFT_OPTIMIZATION_LEVEL = "-Onone";
			};
			name = Debug;
		};
		0E6E0C9B226775CE00526A36 /* Release */ = {
			isa = XCBuildConfiguration;
			buildSettings = {
				ALWAYS_SEARCH_USER_PATHS = NO;
				CLANG_ANALYZER_NONNULL = YES;
				CLANG_ANALYZER_NUMBER_OBJECT_CONVERSION = YES_AGGRESSIVE;
				CLANG_CXX_LANGUAGE_STANDARD = "gnu++14";
				CLANG_CXX_LIBRARY = "libc++";
				CLANG_ENABLE_MODULES = YES;
				CLANG_ENABLE_OBJC_ARC = YES;
				CLANG_ENABLE_OBJC_WEAK = YES;
				CLANG_WARN_BLOCK_CAPTURE_AUTORELEASING = YES;
				CLANG_WARN_BOOL_CONVERSION = YES;
				CLANG_WARN_COMMA = YES;
				CLANG_WARN_CONSTANT_CONVERSION = YES;
				CLANG_WARN_DEPRECATED_OBJC_IMPLEMENTATIONS = YES;
				CLANG_WARN_DIRECT_OBJC_ISA_USAGE = YES_ERROR;
				CLANG_WARN_DOCUMENTATION_COMMENTS = YES;
				CLANG_WARN_EMPTY_BODY = YES;
				CLANG_WARN_ENUM_CONVERSION = YES;
				CLANG_WARN_INFINITE_RECURSION = YES;
				CLANG_WARN_INT_CONVERSION = YES;
				CLANG_WARN_NON_LITERAL_NULL_CONVERSION = YES;
				CLANG_WARN_OBJC_IMPLICIT_RETAIN_SELF = YES;
				CLANG_WARN_OBJC_LITERAL_CONVERSION = YES;
				CLANG_WARN_OBJC_ROOT_CLASS = YES_ERROR;
				CLANG_WARN_RANGE_LOOP_ANALYSIS = YES;
				CLANG_WARN_STRICT_PROTOTYPES = YES;
				CLANG_WARN_SUSPICIOUS_MOVE = YES;
				CLANG_WARN_UNGUARDED_AVAILABILITY = YES_AGGRESSIVE;
				CLANG_WARN_UNREACHABLE_CODE = YES;
				CLANG_WARN__DUPLICATE_METHOD_MATCH = YES;
				CODE_SIGN_IDENTITY = "iPhone Developer";
				COPY_PHASE_STRIP = NO;
				DEBUG_INFORMATION_FORMAT = "dwarf-with-dsym";
				ENABLE_NS_ASSERTIONS = NO;
				ENABLE_STRICT_OBJC_MSGSEND = YES;
				GCC_C_LANGUAGE_STANDARD = gnu11;
				GCC_NO_COMMON_BLOCKS = YES;
				GCC_WARN_64_TO_32_BIT_CONVERSION = YES;
				GCC_WARN_ABOUT_RETURN_TYPE = YES_ERROR;
				GCC_WARN_UNDECLARED_SELECTOR = YES;
				GCC_WARN_UNINITIALIZED_AUTOS = YES_AGGRESSIVE;
				GCC_WARN_UNUSED_FUNCTION = YES;
				GCC_WARN_UNUSED_VARIABLE = YES;
				IPHONEOS_DEPLOYMENT_TARGET = 12.2;
				MTL_ENABLE_DEBUG_INFO = NO;
				MTL_FAST_MATH = YES;
				SDKROOT = iphoneos;
				SWIFT_COMPILATION_MODE = wholemodule;
				SWIFT_OPTIMIZATION_LEVEL = "-O";
				VALIDATE_PRODUCT = YES;
			};
			name = Release;
		};
		0E6E0C9D226775CE00526A36 /* Debug */ = {
			isa = XCBuildConfiguration;
			baseConfigurationReference = 99C6F48C6489A0636A1BB2D6 /* Pods-AlamofireApp.debug.xcconfig */;
			buildSettings = {
				ASSETCATALOG_COMPILER_APPICON_NAME = AppIcon;
				CODE_SIGN_STYLE = Automatic;
				DEVELOPMENT_TEAM = RY8P4GJ2VZ;
				INFOPLIST_FILE = AlamofireApp/Info.plist;
				LD_RUNPATH_SEARCH_PATHS = (
					"$(inherited)",
					"@executable_path/Frameworks",
				);
				PRODUCT_BUNDLE_IDENTIFIER = com.gianmarco.AlamofireApp;
				PRODUCT_NAME = "$(TARGET_NAME)";
				SWIFT_VERSION = 5.0;
				TARGETED_DEVICE_FAMILY = "1,2";
			};
			name = Debug;
		};
		0E6E0C9E226775CE00526A36 /* Release */ = {
			isa = XCBuildConfiguration;
			baseConfigurationReference = 725EF0FFDEEB8E17A4434635 /* Pods-AlamofireApp.release.xcconfig */;
			buildSettings = {
				ASSETCATALOG_COMPILER_APPICON_NAME = AppIcon;
				CODE_SIGN_STYLE = Automatic;
				DEVELOPMENT_TEAM = RY8P4GJ2VZ;
				INFOPLIST_FILE = AlamofireApp/Info.plist;
				LD_RUNPATH_SEARCH_PATHS = (
					"$(inherited)",
					"@executable_path/Frameworks",
				);
				PRODUCT_BUNDLE_IDENTIFIER = com.gianmarco.AlamofireApp;
				PRODUCT_NAME = "$(TARGET_NAME)";
				SWIFT_VERSION = 5.0;
				TARGETED_DEVICE_FAMILY = "1,2";
			};
			name = Release;
		};
		0E6E0CA0226775CE00526A36 /* Debug */ = {
			isa = XCBuildConfiguration;
			baseConfigurationReference = 207BECCADAE9BB1879BFDDB1 /* Pods-AlamofireAppTests.debug.xcconfig */;
			buildSettings = {
				ALWAYS_EMBED_SWIFT_STANDARD_LIBRARIES = YES;
				BUNDLE_LOADER = "$(TEST_HOST)";
				CODE_SIGN_STYLE = Automatic;
				DEVELOPMENT_TEAM = RY8P4GJ2VZ;
				INFOPLIST_FILE = AlamofireAppTests/Info.plist;
				LD_RUNPATH_SEARCH_PATHS = (
					"$(inherited)",
					"@executable_path/Frameworks",
					"@loader_path/Frameworks",
				);
				PRODUCT_BUNDLE_IDENTIFIER = com.gianmarco.AlamofireAppTests;
				PRODUCT_NAME = "$(TARGET_NAME)";
				SWIFT_VERSION = 5.0;
				TARGETED_DEVICE_FAMILY = "1,2";
				TEST_HOST = "$(BUILT_PRODUCTS_DIR)/AlamofireApp.app/AlamofireApp";
			};
			name = Debug;
		};
		0E6E0CA1226775CE00526A36 /* Release */ = {
			isa = XCBuildConfiguration;
			baseConfigurationReference = 2CD878B2125B9ABC0DB8D52A /* Pods-AlamofireAppTests.release.xcconfig */;
			buildSettings = {
				ALWAYS_EMBED_SWIFT_STANDARD_LIBRARIES = YES;
				BUNDLE_LOADER = "$(TEST_HOST)";
				CODE_SIGN_STYLE = Automatic;
				DEVELOPMENT_TEAM = RY8P4GJ2VZ;
				INFOPLIST_FILE = AlamofireAppTests/Info.plist;
				LD_RUNPATH_SEARCH_PATHS = (
					"$(inherited)",
					"@executable_path/Frameworks",
					"@loader_path/Frameworks",
				);
				PRODUCT_BUNDLE_IDENTIFIER = com.gianmarco.AlamofireAppTests;
				PRODUCT_NAME = "$(TARGET_NAME)";
				SWIFT_VERSION = 5.0;
				TARGETED_DEVICE_FAMILY = "1,2";
				TEST_HOST = "$(BUILT_PRODUCTS_DIR)/AlamofireApp.app/AlamofireApp";
			};
			name = Release;
		};
		0E6E0CA3226775CE00526A36 /* Debug */ = {
			isa = XCBuildConfiguration;
			baseConfigurationReference = 8B8F56B4C88FE1A732D84ED7 /* Pods-AlamofireAppUITests.debug.xcconfig */;
			buildSettings = {
				ALWAYS_EMBED_SWIFT_STANDARD_LIBRARIES = YES;
				CODE_SIGN_STYLE = Automatic;
				DEVELOPMENT_TEAM = RY8P4GJ2VZ;
				INFOPLIST_FILE = AlamofireAppUITests/Info.plist;
				LD_RUNPATH_SEARCH_PATHS = (
					"$(inherited)",
					"@executable_path/Frameworks",
					"@loader_path/Frameworks",
				);
				PRODUCT_BUNDLE_IDENTIFIER = com.gianmarco.AlamofireAppUITests;
				PRODUCT_NAME = "$(TARGET_NAME)";
				SWIFT_VERSION = 5.0;
				TARGETED_DEVICE_FAMILY = "1,2";
				TEST_TARGET_NAME = AlamofireApp;
			};
			name = Debug;
		};
		0E6E0CA4226775CE00526A36 /* Release */ = {
			isa = XCBuildConfiguration;
			baseConfigurationReference = AEC38EE4729C513351155675 /* Pods-AlamofireAppUITests.release.xcconfig */;
			buildSettings = {
				ALWAYS_EMBED_SWIFT_STANDARD_LIBRARIES = YES;
				CODE_SIGN_STYLE = Automatic;
				DEVELOPMENT_TEAM = RY8P4GJ2VZ;
				INFOPLIST_FILE = AlamofireAppUITests/Info.plist;
				LD_RUNPATH_SEARCH_PATHS = (
					"$(inherited)",
					"@executable_path/Frameworks",
					"@loader_path/Frameworks",
				);
				PRODUCT_BUNDLE_IDENTIFIER = com.gianmarco.AlamofireAppUITests;
				PRODUCT_NAME = "$(TARGET_NAME)";
				SWIFT_VERSION = 5.0;
				TARGETED_DEVICE_FAMILY = "1,2";
				TEST_TARGET_NAME = AlamofireApp;
			};
			name = Release;
		};
/* End XCBuildConfiguration section */

/* Begin XCConfigurationList section */
		0E6E0C6F226775CB00526A36 /* Build configuration list for PBXProject "AlamofireApp" */ = {
			isa = XCConfigurationList;
			buildConfigurations = (
				0E6E0C9A226775CE00526A36 /* Debug */,
				0E6E0C9B226775CE00526A36 /* Release */,
			);
			defaultConfigurationIsVisible = 0;
			defaultConfigurationName = Release;
		};
		0E6E0C9C226775CE00526A36 /* Build configuration list for PBXNativeTarget "AlamofireApp" */ = {
			isa = XCConfigurationList;
			buildConfigurations = (
				0E6E0C9D226775CE00526A36 /* Debug */,
				0E6E0C9E226775CE00526A36 /* Release */,
			);
			defaultConfigurationIsVisible = 0;
			defaultConfigurationName = Release;
		};
		0E6E0C9F226775CE00526A36 /* Build configuration list for PBXNativeTarget "AlamofireAppTests" */ = {
			isa = XCConfigurationList;
			buildConfigurations = (
				0E6E0CA0226775CE00526A36 /* Debug */,
				0E6E0CA1226775CE00526A36 /* Release */,
			);
			defaultConfigurationIsVisible = 0;
			defaultConfigurationName = Release;
		};
		0E6E0CA2226775CE00526A36 /* Build configuration list for PBXNativeTarget "AlamofireAppUITests" */ = {
			isa = XCConfigurationList;
			buildConfigurations = (
				0E6E0CA3226775CE00526A36 /* Debug */,
				0E6E0CA4226775CE00526A36 /* Release */,
			);
			defaultConfigurationIsVisible = 0;
			defaultConfigurationName = Release;
		};
/* End XCConfigurationList section */
	};
	rootObject = 0E6E0C6C226775CB00526A36 /* Project object */;
}
